
Microsoft Visual Studio Solution File, Format Version 12.00
# Visual Studio 15
Project("{FAE04EC0-301F-11D3-BF4B-00C04F79EFBC}") = "Assembly-CSharp", "Assembly-CSharp.csproj", "{AFAD57E4-F547-83B8-E95F-02D733B3AAF2}"
EndProject
Global
	GlobalSection(SolutionConfigurationPlatforms) = preSolution
		Debug|Any CPU = Debug|Any CPU
		Release|Any CPU = Release|Any CPU
	EndGlobalSection
	GlobalSection(ProjectConfigurationPlatforms) = postSolution
		{AFAD57E4-F547-83B8-E95F-02D733B3AAF2}.Debug|Any CPU.ActiveCfg = Debug|Any CPU
		{AFAD57E4-F547-83B8-E95F-02D733B3AAF2}.Debug|Any CPU.Build.0 = Debug|Any CPU
		{AFAD57E4-F547-83B8-E95F-02D733B3AAF2}.Release|Any CPU.ActiveCfg = Release|Any CPU
		{AFAD57E4-F547-83B8-E95F-02D733B3AAF2}.Release|Any CPU.Build.0 = Release|Any CPU
	EndGlobalSection
	GlobalSection(SolutionProperties) = preSolution
		HideSolutionNode = FALSE
	EndGlobalSection
EndGlobal
